
Microsoft Visual Studio Solution File, Format Version 12.00
# Visual Studio 14
VisualStudioVersion = 14.0.25420.1
MinimumVisualStudioVersion = 10.0.40219.1
Project("{2150E333-8FDC-42A3-9474-1A3956D46DE8}") = "Solution Items", "Solution Items", "{3F0978B3-90C4-432A-88A7-05360B268D4F}"
	ProjectSection(SolutionItems) = preProject
		global.json = global.json
	EndProjectSection
EndProject
Project("{8BB2217D-0F2D-49D1-97BC-3654ED321F3B}") = "Infra.Core", "src\Infra.Core\Infra.Core.xproj", "{0D3A569B-1807-4C42-953B-772C41E66A82}"
EndProject
Project("{2150E333-8FDC-42A3-9474-1A3956D46DE8}") = "Tests", "Tests", "{E7EE4647-FB23-414F-ADAC-D5BC898B9132}"
EndProject
Project("{8BB2217D-0F2D-49D1-97BC-3654ED321F3B}") = "Infra.Core.Tests", "test\Infra.Core.Tests\Infra.Core.Tests.xproj", "{FEA9E29F-187A-475A-A05A-108BFC15AA6C}"
EndProject
Project("{8BB2217D-0F2D-49D1-97BC-3654ED321F3B}") = "Infra.Storage", "src\Infra.Storage\Infra.Storage.xproj", "{FD657A13-DAA4-4925-850C-DD520929D1AA}"
EndProject
Project("{8BB2217D-0F2D-49D1-97BC-3654ED321F3B}") = "Infra.Storage.Tests", "test\Infra.Storage.Tests\Infra.Storage.Tests.xproj", "{8BDB7A0B-69FF-4F8B-9CB7-9086A13A2499}"
EndProject
Project("{8BB2217D-0F2D-49D1-97BC-3654ED321F3B}") = "Framework.Redis", "src\Framework.Redis\Framework.Redis.xproj", "{F1F2FF46-1584-44B4-A983-F5517DBE107E}"
EndProject
Project("{8BB2217D-0F2D-49D1-97BC-3654ED321F3B}") = "Framework.Postal", "src\Framework.Postal\Framework.Postal.xproj", "{DC1071A0-ABAD-4D1C-99EE-941A87254ECD}"
EndProject
Project("{8BB2217D-0F2D-49D1-97BC-3654ED321F3B}") = "Infra.EF6", "src\Infra.EF6\Infra.EF6.xproj", "{CCCA02F0-77EC-4832-83A6-249C113F520A}"
EndProject
Project("{8BB2217D-0F2D-49D1-97BC-3654ED321F3B}") = "Infra.EF6.Tests", "test\Infra.EF6.Tests\Infra.EF6.Tests.xproj", "{E0588448-7F9E-41DF-A868-F832EA7E2480}"
EndProject
Global
	GlobalSection(SolutionConfigurationPlatforms) = preSolution
		Debug|Any CPU = Debug|Any CPU
		Release|Any CPU = Release|Any CPU
	EndGlobalSection
	GlobalSection(ProjectConfigurationPlatforms) = postSolution
		{0D3A569B-1807-4C42-953B-772C41E66A82}.Debug|Any CPU.ActiveCfg = Debug|Any CPU
		{0D3A569B-1807-4C42-953B-772C41E66A82}.Debug|Any CPU.Build.0 = Debug|Any CPU
		{0D3A569B-1807-4C42-953B-772C41E66A82}.Release|Any CPU.ActiveCfg = Release|Any CPU
		{0D3A569B-1807-4C42-953B-772C41E66A82}.Release|Any CPU.Build.0 = Release|Any CPU
		{FEA9E29F-187A-475A-A05A-108BFC15AA6C}.Debug|Any CPU.ActiveCfg = Debug|Any CPU
		{FEA9E29F-187A-475A-A05A-108BFC15AA6C}.Debug|Any CPU.Build.0 = Debug|Any CPU
		{FEA9E29F-187A-475A-A05A-108BFC15AA6C}.Release|Any CPU.ActiveCfg = Release|Any CPU
		{FEA9E29F-187A-475A-A05A-108BFC15AA6C}.Release|Any CPU.Build.0 = Release|Any CPU
		{FD657A13-DAA4-4925-850C-DD520929D1AA}.Debug|Any CPU.ActiveCfg = Debug|Any CPU
		{FD657A13-DAA4-4925-850C-DD520929D1AA}.Debug|Any CPU.Build.0 = Debug|Any CPU
		{FD657A13-DAA4-4925-850C-DD520929D1AA}.Release|Any CPU.ActiveCfg = Release|Any CPU
		{FD657A13-DAA4-4925-850C-DD520929D1AA}.Release|Any CPU.Build.0 = Release|Any CPU
		{8BDB7A0B-69FF-4F8B-9CB7-9086A13A2499}.Debug|Any CPU.ActiveCfg = Debug|Any CPU
		{8BDB7A0B-69FF-4F8B-9CB7-9086A13A2499}.Debug|Any CPU.Build.0 = Debug|Any CPU
		{8BDB7A0B-69FF-4F8B-9CB7-9086A13A2499}.Release|Any CPU.ActiveCfg = Release|Any CPU
		{8BDB7A0B-69FF-4F8B-9CB7-9086A13A2499}.Release|Any CPU.Build.0 = Release|Any CPU
		{F1F2FF46-1584-44B4-A983-F5517DBE107E}.Debug|Any CPU.ActiveCfg = Debug|Any CPU
		{F1F2FF46-1584-44B4-A983-F5517DBE107E}.Debug|Any CPU.Build.0 = Debug|Any CPU
		{F1F2FF46-1584-44B4-A983-F5517DBE107E}.Release|Any CPU.ActiveCfg = Release|Any CPU
		{F1F2FF46-1584-44B4-A983-F5517DBE107E}.Release|Any CPU.Build.0 = Release|Any CPU
		{DC1071A0-ABAD-4D1C-99EE-941A87254ECD}.Debug|Any CPU.ActiveCfg = Debug|Any CPU
		{DC1071A0-ABAD-4D1C-99EE-941A87254ECD}.Debug|Any CPU.Build.0 = Debug|Any CPU
		{DC1071A0-ABAD-4D1C-99EE-941A87254ECD}.Release|Any CPU.ActiveCfg = Release|Any CPU
		{DC1071A0-ABAD-4D1C-99EE-941A87254ECD}.Release|Any CPU.Build.0 = Release|Any CPU
		{CCCA02F0-77EC-4832-83A6-249C113F520A}.Debug|Any CPU.ActiveCfg = Debug|Any CPU
		{CCCA02F0-77EC-4832-83A6-249C113F520A}.Debug|Any CPU.Build.0 = Debug|Any CPU
		{CCCA02F0-77EC-4832-83A6-249C113F520A}.Release|Any CPU.ActiveCfg = Release|Any CPU
		{CCCA02F0-77EC-4832-83A6-249C113F520A}.Release|Any CPU.Build.0 = Release|Any CPU
		{E0588448-7F9E-41DF-A868-F832EA7E2480}.Debug|Any CPU.ActiveCfg = Debug|Any CPU
		{E0588448-7F9E-41DF-A868-F832EA7E2480}.Debug|Any CPU.Build.0 = Debug|Any CPU
		{E0588448-7F9E-41DF-A868-F832EA7E2480}.Release|Any CPU.ActiveCfg = Release|Any CPU
		{E0588448-7F9E-41DF-A868-F832EA7E2480}.Release|Any CPU.Build.0 = Release|Any CPU
	EndGlobalSection
	GlobalSection(SolutionProperties) = preSolution
		HideSolutionNode = FALSE
	EndGlobalSection
	GlobalSection(NestedProjects) = preSolution
		{FEA9E29F-187A-475A-A05A-108BFC15AA6C} = {E7EE4647-FB23-414F-ADAC-D5BC898B9132}
		{8BDB7A0B-69FF-4F8B-9CB7-9086A13A2499} = {E7EE4647-FB23-414F-ADAC-D5BC898B9132}
		{E0588448-7F9E-41DF-A868-F832EA7E2480} = {E7EE4647-FB23-414F-ADAC-D5BC898B9132}
	EndGlobalSection
EndGlobal
