
Microsoft Visual Studio Solution File, Format Version 12.00
# Visual Studio 14
VisualStudioVersion = 14.0.25420.1
MinimumVisualStudioVersion = 10.0.40219.1
Project("{8BB2217D-0F2D-49D1-97BC-3654ED321F3B}") = "Infra.Core", "src\Infra.Core\Infra.Core.xproj", "{0D3A569B-1807-4C42-953B-772C41E66A82}"
EndProject
Project("{8BB2217D-0F2D-49D1-97BC-3654ED321F3B}") = "Infra.Storage", "src\Infra.Storage\Infra.Storage.xproj", "{FD657A13-DAA4-4925-850C-DD520929D1AA}"
EndProject
Global
	GlobalSection(SolutionConfigurationPlatforms) = preSolution
		Debug|Any CPU = Debug|Any CPU
		Release|Any CPU = Release|Any CPU
	EndGlobalSection
	GlobalSection(ProjectConfigurationPlatforms) = postSolution
		{0D3A569B-1807-4C42-953B-772C41E66A82}.Debug|Any CPU.ActiveCfg = Debug|Any CPU
		{0D3A569B-1807-4C42-953B-772C41E66A82}.Debug|Any CPU.Build.0 = Debug|Any CPU
		{0D3A569B-1807-4C42-953B-772C41E66A82}.Release|Any CPU.ActiveCfg = Release|Any CPU
		{0D3A569B-1807-4C42-953B-772C41E66A82}.Release|Any CPU.Build.0 = Release|Any CPU
		{FD657A13-DAA4-4925-850C-DD520929D1AA}.Debug|Any CPU.ActiveCfg = Debug|Any CPU
		{FD657A13-DAA4-4925-850C-DD520929D1AA}.Debug|Any CPU.Build.0 = Debug|Any CPU
		{FD657A13-DAA4-4925-850C-DD520929D1AA}.Release|Any CPU.ActiveCfg = Release|Any CPU
		{FD657A13-DAA4-4925-850C-DD520929D1AA}.Release|Any CPU.Build.0 = Release|Any CPU
	EndGlobalSection
	GlobalSection(SolutionProperties) = preSolution
		HideSolutionNode = FALSE
	EndGlobalSection
EndGlobal
